
Microsoft Visual Studio Solution File, Format Version 12.00
# Visual Studio Version 17
VisualStudioVersion = 17.0.31903.59
MinimumVisualStudioVersion = 10.0.40219.1
Project("{FAE04EC0-301F-11D3-BF4B-00C04F79EFBC}") = "EzBot.UI", "EzBot.UI\EzBot.UI.csproj", "{9C0F7052-548D-431D-9DE3-317EEC74C9CD}"
EndProject
Project("{FAE04EC0-301F-11D3-BF4B-00C04F79EFBC}") = "EzBot.Core", "EzBot.Core\EzBot.Core.csproj", "{28A0DBE9-96CC-42ED-8DED-0FDD4C42F2A1}"
EndProject
Project("{FAE04EC0-301F-11D3-BF4B-00C04F79EFBC}") = "EzBot.Persistence", "EzBot.Persistence\EzBot.Persistence.csproj", "{58562684-A34E-41C4-9D40-7714771B3CCC}"
EndProject
Project("{FAE04EC0-301F-11D3-BF4B-00C04F79EFBC}") = "EzBot.Models", "EzBot.Models\EzBot.Models.csproj", "{3B30836C-622D-4E6F-85C4-A44FA9AEF2D9}"
EndProject
Project("{FAE04EC0-301F-11D3-BF4B-00C04F79EFBC}") = "EzBot.Services", "EzBot.Services\EzBot.Services.csproj", "{032923E9-52F7-416F-82F3-5954B6620453}"
EndProject
Project("{FAE04EC0-301F-11D3-BF4B-00C04F79EFBC}") = "EzBot.Common", "EzBot.Common\EzBot.Common.csproj", "{DB130215-9B72-4E7C-A2CE-2C5C05FBF5AF}"
EndProject
Project("{FAE04EC0-301F-11D3-BF4B-00C04F79EFBC}") = "EzBot.Tests", "EzBot.Tests\EzBot.Tests.csproj", "{1F702358-D48B-441B-A645-1B5A83DFE207}"
EndProject
Project("{FAE04EC0-301F-11D3-BF4B-00C04F79EFBC}") = "EzBot.Benchmark", "EzBot.Benchmark\EzBot.Benchmark.csproj", "{08407308-9FA6-4C53-8155-9CE5D6FD7334}"
EndProject
Global
	GlobalSection(SolutionConfigurationPlatforms) = preSolution
		Debug|Any CPU = Debug|Any CPU
		Release|Any CPU = Release|Any CPU
	EndGlobalSection
	GlobalSection(ProjectConfigurationPlatforms) = postSolution
		{9C0F7052-548D-431D-9DE3-317EEC74C9CD}.Debug|Any CPU.ActiveCfg = Debug|Any CPU
		{9C0F7052-548D-431D-9DE3-317EEC74C9CD}.Debug|Any CPU.Build.0 = Debug|Any CPU
		{9C0F7052-548D-431D-9DE3-317EEC74C9CD}.Release|Any CPU.ActiveCfg = Release|Any CPU
		{9C0F7052-548D-431D-9DE3-317EEC74C9CD}.Release|Any CPU.Build.0 = Release|Any CPU
		{28A0DBE9-96CC-42ED-8DED-0FDD4C42F2A1}.Debug|Any CPU.ActiveCfg = Debug|Any CPU
		{28A0DBE9-96CC-42ED-8DED-0FDD4C42F2A1}.Debug|Any CPU.Build.0 = Debug|Any CPU
		{28A0DBE9-96CC-42ED-8DED-0FDD4C42F2A1}.Release|Any CPU.ActiveCfg = Release|Any CPU
		{28A0DBE9-96CC-42ED-8DED-0FDD4C42F2A1}.Release|Any CPU.Build.0 = Release|Any CPU
		{58562684-A34E-41C4-9D40-7714771B3CCC}.Debug|Any CPU.ActiveCfg = Debug|Any CPU
		{58562684-A34E-41C4-9D40-7714771B3CCC}.Debug|Any CPU.Build.0 = Debug|Any CPU
		{58562684-A34E-41C4-9D40-7714771B3CCC}.Release|Any CPU.ActiveCfg = Release|Any CPU
		{58562684-A34E-41C4-9D40-7714771B3CCC}.Release|Any CPU.Build.0 = Release|Any CPU
		{3B30836C-622D-4E6F-85C4-A44FA9AEF2D9}.Debug|Any CPU.ActiveCfg = Debug|Any CPU
		{3B30836C-622D-4E6F-85C4-A44FA9AEF2D9}.Debug|Any CPU.Build.0 = Debug|Any CPU
		{3B30836C-622D-4E6F-85C4-A44FA9AEF2D9}.Release|Any CPU.ActiveCfg = Release|Any CPU
		{3B30836C-622D-4E6F-85C4-A44FA9AEF2D9}.Release|Any CPU.Build.0 = Release|Any CPU
		{032923E9-52F7-416F-82F3-5954B6620453}.Debug|Any CPU.ActiveCfg = Debug|Any CPU
		{032923E9-52F7-416F-82F3-5954B6620453}.Debug|Any CPU.Build.0 = Debug|Any CPU
		{032923E9-52F7-416F-82F3-5954B6620453}.Release|Any CPU.ActiveCfg = Release|Any CPU
		{032923E9-52F7-416F-82F3-5954B6620453}.Release|Any CPU.Build.0 = Release|Any CPU
		{DB130215-9B72-4E7C-A2CE-2C5C05FBF5AF}.Debug|Any CPU.ActiveCfg = Debug|Any CPU
		{DB130215-9B72-4E7C-A2CE-2C5C05FBF5AF}.Debug|Any CPU.Build.0 = Debug|Any CPU
		{DB130215-9B72-4E7C-A2CE-2C5C05FBF5AF}.Release|Any CPU.ActiveCfg = Release|Any CPU
		{DB130215-9B72-4E7C-A2CE-2C5C05FBF5AF}.Release|Any CPU.Build.0 = Release|Any CPU
		{1F702358-D48B-441B-A645-1B5A83DFE207}.Debug|Any CPU.ActiveCfg = Debug|Any CPU
		{1F702358-D48B-441B-A645-1B5A83DFE207}.Debug|Any CPU.Build.0 = Debug|Any CPU
		{1F702358-D48B-441B-A645-1B5A83DFE207}.Release|Any CPU.ActiveCfg = Release|Any CPU
		{1F702358-D48B-441B-A645-1B5A83DFE207}.Release|Any CPU.Build.0 = Release|Any CPU
		{08407308-9FA6-4C53-8155-9CE5D6FD7334}.Debug|Any CPU.ActiveCfg = Debug|Any CPU
		{08407308-9FA6-4C53-8155-9CE5D6FD7334}.Debug|Any CPU.Build.0 = Debug|Any CPU
		{08407308-9FA6-4C53-8155-9CE5D6FD7334}.Release|Any CPU.ActiveCfg = Release|Any CPU
		{08407308-9FA6-4C53-8155-9CE5D6FD7334}.Release|Any CPU.Build.0 = Release|Any CPU
	EndGlobalSection
	GlobalSection(SolutionProperties) = preSolution
		HideSolutionNode = FALSE
	EndGlobalSection
EndGlobal
